Microsoft Visual Studio Solution File, Format Version 11.00
# Visual Studio 2008

Project("{AACA40E6-FA0C-37A9-3DC2-40B0B10A9110}") = "Cubezilla", "Assembly-CSharp.csproj", "{C0BC9448-8FF5-EB45-C7BE-EAB30E9FF00B}"
EndProject
Project("{AACA40E6-FA0C-37A9-3DC2-40B0B10A9110}") = "Cubezilla", "Assembly-CSharp-Editor.csproj", "{E80A2393-92CA-BE79-2405-70B183882AF0}"
EndProject
Global
	GlobalSection(SolutionConfigurationPlatforms) = preSolution
		Debug|Any CPU = Debug|Any CPU
		Release|Any CPU = Release|Any CPU
	EndGlobalSection
	GlobalSection(ProjectConfigurationPlatforms) = postSolution
		{C0BC9448-8FF5-EB45-C7BE-EAB30E9FF00B}.Debug|Any CPU.ActiveCfg = Debug|Any CPU
		{C0BC9448-8FF5-EB45-C7BE-EAB30E9FF00B}.Debug|Any CPU.Build.0 = Debug|Any CPU
		{C0BC9448-8FF5-EB45-C7BE-EAB30E9FF00B}.Release|Any CPU.ActiveCfg = Release|Any CPU
		{C0BC9448-8FF5-EB45-C7BE-EAB30E9FF00B}.Release|Any CPU.Build.0 = Release|Any CPU
		{E80A2393-92CA-BE79-2405-70B183882AF0}.Debug|Any CPU.ActiveCfg = Debug|Any CPU
		{E80A2393-92CA-BE79-2405-70B183882AF0}.Debug|Any CPU.Build.0 = Debug|Any CPU
		{E80A2393-92CA-BE79-2405-70B183882AF0}.Release|Any CPU.ActiveCfg = Release|Any CPU
		{E80A2393-92CA-BE79-2405-70B183882AF0}.Release|Any CPU.Build.0 = Release|Any CPU
	EndGlobalSection
	GlobalSection(SolutionProperties) = preSolution
		HideSolutionNode = FALSE
	EndGlobalSection
																									GlobalSection(MonoDevelopProperties) = preSolution
		StartupItem = Assembly-CSharp.csproj
		Policies = $0
		$0.TextStylePolicy = $1
		$1.inheritsSet = null
		$1.scope = text/x-csharp
		$0.CSharpFormattingPolicy = $2
		$2.inheritsSet = Mono
		$2.inheritsScope = text/x-csharp
		$2.scope = text/x-csharp
		$0.TextStylePolicy = $3
		$3.FileWidth = 120
		$3.TabWidth = 4
		$3.IndentWidth = 4
		$3.EolMarker = Unix
		$3.inheritsSet = Mono
		$3.inheritsScope = text/plain
		$3.scope = text/plain
	EndGlobalSection

EndGlobal
